Microsoft Visual Studio Solution File, Format Version 12.00
# Visual Studio Version 17
VisualStudioVersion = 17.5.2.0
MinimumVisualStudioVersion = 10.0.40219.1
Project("{FAE04EC0-301F-11D3-BF4B-00C04F79EFBC}") = "csharp-todolist-api", "csharp-todolist-api.csproj", "{278FDF07-4DD3-E3D3-62C4-3738009C4FEB}"
EndProject
Global
	GlobalSection(SolutionConfigurationPlatforms) = preSolution
		Debug|Any CPU = Debug|Any CPU
		Release|Any CPU = Release|Any CPU
	EndGlobalSection
	GlobalSection(ProjectConfigurationPlatforms) = postSolution
		{278FDF07-4DD3-E3D3-62C4-3738009C4FEB}.Debug|Any CPU.ActiveCfg = Debug|Any CPU
		{278FDF07-4DD3-E3D3-62C4-3738009C4FEB}.Debug|Any CPU.Build.0 = Debug|Any CPU
		{278FDF07-4DD3-E3D3-62C4-3738009C4FEB}.Release|Any CPU.ActiveCfg = Release|Any CPU
		{278FDF07-4DD3-E3D3-62C4-3738009C4FEB}.Release|Any CPU.Build.0 = Release|Any CPU
	EndGlobalSection
	GlobalSection(SolutionProperties) = preSolution
		HideSolutionNode = FALSE
	EndGlobalSection
	GlobalSection(ExtensibilityGlobals) = postSolution
		SolutionGuid = {86584407-B7B8-4B2A-BF5C-3F85FEB3BA08}
	EndGlobalSection
EndGlobal
